
Microsoft Visual Studio Solution File, Format Version 12.00
# Visual Studio Version 16
VisualStudioVersion = 16.0.30204.135
MinimumVisualStudioVersion = 10.0.40219.1
Project("{FAE04EC0-301F-11D3-BF4B-00C04F79EFBC}") = "MimicAPI", "MimicAPI\MimicAPI.csproj", "{908F8DE2-932D-4E05-A21B-CDE5A0F6BE6D}"
EndProject
Global
	GlobalSection(SolutionConfigurationPlatforms) = preSolution
		Debug|Any CPU = Debug|Any CPU
		Release|Any CPU = Release|Any CPU
	EndGlobalSection
	GlobalSection(ProjectConfigurationPlatforms) = postSolution
		{908F8DE2-932D-4E05-A21B-CDE5A0F6BE6D}.Debug|Any CPU.ActiveCfg = Debug|Any CPU
		{908F8DE2-932D-4E05-A21B-CDE5A0F6BE6D}.Debug|Any CPU.Build.0 = Debug|Any CPU
		{908F8DE2-932D-4E05-A21B-CDE5A0F6BE6D}.Release|Any CPU.ActiveCfg = Release|Any CPU
		{908F8DE2-932D-4E05-A21B-CDE5A0F6BE6D}.Release|Any CPU.Build.0 = Release|Any CPU
	EndGlobalSection
	GlobalSection(SolutionProperties) = preSolution
		HideSolutionNode = FALSE
	EndGlobalSection
	GlobalSection(ExtensibilityGlobals) = postSolution
		SolutionGuid = {D2192D5A-271C-43D4-9EB4-6E688AD7CF05}
	EndGlobalSection
EndGlobal
